
Microsoft Visual Studio Solution File, Format Version 12.00
# Visual Studio 15
VisualStudioVersion = 15.0.28307.757
MinimumVisualStudioVersion = 10.0.40219.1
Project("{FAE04EC0-301F-11D3-BF4B-00C04F79EFBC}") = "Bolsa_De_Trabajo_Inst_RH_ASF", "Bolsa_De_Trabajo_Inst_RH_ASF\Bolsa_De_Trabajo_Inst_RH_ASF.csproj", "{13D71B23-1EE2-43FC-AC69-D18FB9D42E2B}"
EndProject
Project("{FAE04EC0-301F-11D3-BF4B-00C04F79EFBC}") = "Datos", "Datos\Datos.csproj", "{02A8268C-581B-4D0C-8D5B-DB0DC0771CC4}"
EndProject
Project("{FAE04EC0-301F-11D3-BF4B-00C04F79EFBC}") = "Entidades", "Entidades\Entidades.csproj", "{32204F04-01C3-408D-ACE7-F82E1CC0DBF1}"
EndProject
Project("{FAE04EC0-301F-11D3-BF4B-00C04F79EFBC}") = "Negocio", "Negocio\Negocio.csproj", "{AD528C86-3DA5-4E9E-BFF2-1808F08A02D4}"
EndProject
Project("{FAE04EC0-301F-11D3-BF4B-00C04F79EFBC}") = "ServicioWebRH", "ServicioWebRH\ServicioWebRH.csproj", "{863151BF-191D-4497-A493-A67D23213E10}"
EndProject
Global
	GlobalSection(SolutionConfigurationPlatforms) = preSolution
		Debug|Any CPU = Debug|Any CPU
		Release|Any CPU = Release|Any CPU
	EndGlobalSection
	GlobalSection(ProjectConfigurationPlatforms) = postSolution
		{13D71B23-1EE2-43FC-AC69-D18FB9D42E2B}.Debug|Any CPU.ActiveCfg = Debug|Any CPU
		{13D71B23-1EE2-43FC-AC69-D18FB9D42E2B}.Debug|Any CPU.Build.0 = Debug|Any CPU
		{13D71B23-1EE2-43FC-AC69-D18FB9D42E2B}.Release|Any CPU.ActiveCfg = Release|Any CPU
		{13D71B23-1EE2-43FC-AC69-D18FB9D42E2B}.Release|Any CPU.Build.0 = Release|Any CPU
		{02A8268C-581B-4D0C-8D5B-DB0DC0771CC4}.Debug|Any CPU.ActiveCfg = Debug|Any CPU
		{02A8268C-581B-4D0C-8D5B-DB0DC0771CC4}.Debug|Any CPU.Build.0 = Debug|Any CPU
		{02A8268C-581B-4D0C-8D5B-DB0DC0771CC4}.Release|Any CPU.ActiveCfg = Release|Any CPU
		{02A8268C-581B-4D0C-8D5B-DB0DC0771CC4}.Release|Any CPU.Build.0 = Release|Any CPU
		{32204F04-01C3-408D-ACE7-F82E1CC0DBF1}.Debug|Any CPU.ActiveCfg = Debug|Any CPU
		{32204F04-01C3-408D-ACE7-F82E1CC0DBF1}.Debug|Any CPU.Build.0 = Debug|Any CPU
		{32204F04-01C3-408D-ACE7-F82E1CC0DBF1}.Release|Any CPU.ActiveCfg = Release|Any CPU
		{32204F04-01C3-408D-ACE7-F82E1CC0DBF1}.Release|Any CPU.Build.0 = Release|Any CPU
		{AD528C86-3DA5-4E9E-BFF2-1808F08A02D4}.Debug|Any CPU.ActiveCfg = Debug|Any CPU
		{AD528C86-3DA5-4E9E-BFF2-1808F08A02D4}.Debug|Any CPU.Build.0 = Debug|Any CPU
		{AD528C86-3DA5-4E9E-BFF2-1808F08A02D4}.Release|Any CPU.ActiveCfg = Release|Any CPU
		{AD528C86-3DA5-4E9E-BFF2-1808F08A02D4}.Release|Any CPU.Build.0 = Release|Any CPU
		{863151BF-191D-4497-A493-A67D23213E10}.Debug|Any CPU.ActiveCfg = Debug|Any CPU
		{863151BF-191D-4497-A493-A67D23213E10}.Debug|Any CPU.Build.0 = Debug|Any CPU
		{863151BF-191D-4497-A493-A67D23213E10}.Release|Any CPU.ActiveCfg = Release|Any CPU
		{863151BF-191D-4497-A493-A67D23213E10}.Release|Any CPU.Build.0 = Release|Any CPU
	EndGlobalSection
	GlobalSection(SolutionProperties) = preSolution
		HideSolutionNode = FALSE
	EndGlobalSection
	GlobalSection(ExtensibilityGlobals) = postSolution
		SolutionGuid = {A45B961E-1ADF-4D5A-A15A-F906100DD222}
	EndGlobalSection
EndGlobal
